
Microsoft Visual Studio Solution File, Format Version 12.00
# Visual Studio Version 16
VisualStudioVersion = 16.0.30907.101
MinimumVisualStudioVersion = 10.0.40219.1
Project("{FAE04EC0-301F-11D3-BF4B-00C04F79EFBC}") = "SMMS", "SMMS.csproj", "{0A3A6B5F-39F0-4B9E-A3F0-301F117B2016}"
EndProject
Global
	GlobalSection(SolutionConfigurationPlatforms) = preSolution
		Debug|Any CPU = Debug|Any CPU
		Release|Any CPU = Release|Any CPU
	EndGlobalSection
	GlobalSection(ProjectConfigurationPlatforms) = postSolution
		{0A3A6B5F-39F0-4B9E-A3F0-301F117B2016}.Debug|Any CPU.ActiveCfg = Debug|Any CPU
		{0A3A6B5F-39F0-4B9E-A3F0-301F117B2016}.Debug|Any CPU.Build.0 = Debug|Any CPU
		{0A3A6B5F-39F0-4B9E-A3F0-301F117B2016}.Release|Any CPU.ActiveCfg = Release|Any CPU
		{0A3A6B5F-39F0-4B9E-A3F0-301F117B2016}.Release|Any CPU.Build.0 = Release|Any CPU
	EndGlobalSection
	GlobalSection(SolutionProperties) = preSolution
		HideSolutionNode = FALSE
	EndGlobalSection
	GlobalSection(ExtensibilityGlobals) = postSolution
		SolutionGuid = {9161DD00-24DA-4A92-8CD8-136B15BEFAC8}
	EndGlobalSection
EndGlobal
